
Microsoft Visual Studio Solution File, Format Version 12.00
# Visual Studio Version 17
VisualStudioVersion = 17.6.33712.159
MinimumVisualStudioVersion = 10.0.40219.1
Project("{FAE04EC0-301F-11D3-BF4B-00C04F79EFBC}") = "TabelVremeni", "TabelVremeni.csproj", "{00298710-7265-4791-A4D4-13ED0012AFDD}"
EndProject
Global
	GlobalSection(SolutionConfigurationPlatforms) = preSolution
		Debug|Any CPU = Debug|Any CPU
		Release|Any CPU = Release|Any CPU
	EndGlobalSection
	GlobalSection(ProjectConfigurationPlatforms) = postSolution
		{00298710-7265-4791-A4D4-13ED0012AFDD}.Debug|Any CPU.ActiveCfg = Debug|Any CPU
		{00298710-7265-4791-A4D4-13ED0012AFDD}.Debug|Any CPU.Build.0 = Debug|Any CPU
		{00298710-7265-4791-A4D4-13ED0012AFDD}.Release|Any CPU.ActiveCfg = Release|Any CPU
		{00298710-7265-4791-A4D4-13ED0012AFDD}.Release|Any CPU.Build.0 = Release|Any CPU
	EndGlobalSection
	GlobalSection(SolutionProperties) = preSolution
		HideSolutionNode = FALSE
	EndGlobalSection
	GlobalSection(ExtensibilityGlobals) = postSolution
		SolutionGuid = {873910F5-214F-4D6C-9DAB-E6B28EA6A15E}
	EndGlobalSection
EndGlobal
